
Microsoft Visual Studio Solution File, Format Version 12.00
# Visual Studio Version 16
VisualStudioVersion = 16.0.32413.511
MinimumVisualStudioVersion = 10.0.40219.1
Project("{FAE04EC0-301F-11D3-BF4B-00C04F79EFBC}") = "Azin.Shadi", "Azin.Shadi\Azin.Shadi.csproj", "{9CE7369D-6254-4587-99C1-418F0A602B0D}"
EndProject
Global
	GlobalSection(SolutionConfigurationPlatforms) = preSolution
		Debug|Any CPU = Debug|Any CPU
		Release|Any CPU = Release|Any CPU
	EndGlobalSection
	GlobalSection(ProjectConfigurationPlatforms) = postSolution
		{9CE7369D-6254-4587-99C1-418F0A602B0D}.Debug|Any CPU.ActiveCfg = Debug|Any CPU
		{9CE7369D-6254-4587-99C1-418F0A602B0D}.Debug|Any CPU.Build.0 = Debug|Any CPU
		{9CE7369D-6254-4587-99C1-418F0A602B0D}.Release|Any CPU.ActiveCfg = Release|Any CPU
		{9CE7369D-6254-4587-99C1-418F0A602B0D}.Release|Any CPU.Build.0 = Release|Any CPU
	EndGlobalSection
	GlobalSection(SolutionProperties) = preSolution
		HideSolutionNode = FALSE
	EndGlobalSection
	GlobalSection(ExtensibilityGlobals) = postSolution
		SolutionGuid = {0DCBE6C9-A1FA-4AFD-AFE5-B4D47C15BE6B}
	EndGlobalSection
EndGlobal
